
Microsoft Visual Studio Solution File, Format Version 12.00
# Visual Studio Version 17
VisualStudioVersion = 17.4.33403.182
MinimumVisualStudioVersion = 10.0.40219.1
Project("{9A19103F-16F7-4668-BE54-9A1E7A4F7556}") = "SwitchManager", "SwitchManager\SwitchManager.csproj", "{F70E343F-1545-403D-B350-04A904289257}"
EndProject
Project("{9A19103F-16F7-4668-BE54-9A1E7A4F7556}") = "SwitchManager.Tests", "SwitchManager.Tests\SwitchManager.Tests.csproj", "{DD78ECC1-B556-4E1F-B73D-0DC3804D8903}"
EndProject
Project("{2150E333-8FDC-42A3-9474-1A3956D46DE8}") = "Solution Items", "Solution Items", "{73275AA0-3908-431A-8A64-2A60C3A90CA4}"
	ProjectSection(SolutionItems) = preProject
		README.md = README.md
	EndProjectSection
EndProject
Global
	GlobalSection(SolutionConfigurationPlatforms) = preSolution
		Debug|Any CPU = Debug|Any CPU
		Debug|x64 = Debug|x64
		Release|Any CPU = Release|Any CPU
		Release|x64 = Release|x64
	EndGlobalSection
	GlobalSection(ProjectConfigurationPlatforms) = postSolution
		{F70E343F-1545-403D-B350-04A904289257}.Debug|Any CPU.ActiveCfg = Debug|Any CPU
		{F70E343F-1545-403D-B350-04A904289257}.Debug|Any CPU.Build.0 = Debug|Any CPU
		{F70E343F-1545-403D-B350-04A904289257}.Debug|x64.ActiveCfg = Debug|x64
		{F70E343F-1545-403D-B350-04A904289257}.Debug|x64.Build.0 = Debug|x64
		{F70E343F-1545-403D-B350-04A904289257}.Release|Any CPU.ActiveCfg = Release|Any CPU
		{F70E343F-1545-403D-B350-04A904289257}.Release|Any CPU.Build.0 = Release|Any CPU
		{F70E343F-1545-403D-B350-04A904289257}.Release|x64.ActiveCfg = Release|x64
		{F70E343F-1545-403D-B350-04A904289257}.Release|x64.Build.0 = Release|x64
		{DD78ECC1-B556-4E1F-B73D-0DC3804D8903}.Debug|Any CPU.ActiveCfg = Debug|Any CPU
		{DD78ECC1-B556-4E1F-B73D-0DC3804D8903}.Debug|Any CPU.Build.0 = Debug|Any CPU
		{DD78ECC1-B556-4E1F-B73D-0DC3804D8903}.Debug|x64.ActiveCfg = Debug|Any CPU
		{DD78ECC1-B556-4E1F-B73D-0DC3804D8903}.Debug|x64.Build.0 = Debug|Any CPU
		{DD78ECC1-B556-4E1F-B73D-0DC3804D8903}.Release|Any CPU.ActiveCfg = Release|Any CPU
		{DD78ECC1-B556-4E1F-B73D-0DC3804D8903}.Release|Any CPU.Build.0 = Release|Any CPU
		{DD78ECC1-B556-4E1F-B73D-0DC3804D8903}.Release|x64.ActiveCfg = Release|Any CPU
		{DD78ECC1-B556-4E1F-B73D-0DC3804D8903}.Release|x64.Build.0 = Release|Any CPU
	EndGlobalSection
	GlobalSection(SolutionProperties) = preSolution
		HideSolutionNode = FALSE
	EndGlobalSection
	GlobalSection(ExtensibilityGlobals) = postSolution
		SolutionGuid = {AC9579E3-7F26-4414-B036-36F555621DFD}
	EndGlobalSection
EndGlobal
